
Microsoft Visual Studio Solution File, Format Version 12.00
# Visual Studio Version 17
VisualStudioVersion = 17.6.33815.320
MinimumVisualStudioVersion = 10.0.40219.1
Project("{9A19103F-16F7-4668-BE54-9A1E7A4F7556}") = "dotnetapp", "dotnetapp\dotnetapp.csproj", "{DDBF470F-C590-4482-8100-F64A77AA3759}"
EndProject
Project("{FAE04EC0-301F-11D3-BF4B-00C04F79EFBC}") = "TestProject", "TestProject\TestProject.csproj", "{FD97873C-DBDD-4DE7-960E-09813ED74412}"
EndProject
Global
	GlobalSection(SolutionConfigurationPlatforms) = preSolution
		Debug|Any CPU = Debug|Any CPU
		Release|Any CPU = Release|Any CPU
	EndGlobalSection
	GlobalSection(ProjectConfigurationPlatforms) = postSolution
		{DDBF470F-C590-4482-8100-F64A77AA3759}.Debug|Any CPU.ActiveCfg = Debug|Any CPU
		{DDBF470F-C590-4482-8100-F64A77AA3759}.Debug|Any CPU.Build.0 = Debug|Any CPU
		{DDBF470F-C590-4482-8100-F64A77AA3759}.Release|Any CPU.ActiveCfg = Release|Any CPU
		{DDBF470F-C590-4482-8100-F64A77AA3759}.Release|Any CPU.Build.0 = Release|Any CPU
		{FD97873C-DBDD-4DE7-960E-09813ED74412}.Debug|Any CPU.ActiveCfg = Debug|Any CPU
		{FD97873C-DBDD-4DE7-960E-09813ED74412}.Debug|Any CPU.Build.0 = Debug|Any CPU
		{FD97873C-DBDD-4DE7-960E-09813ED74412}.Release|Any CPU.ActiveCfg = Release|Any CPU
		{FD97873C-DBDD-4DE7-960E-09813ED74412}.Release|Any CPU.Build.0 = Release|Any CPU
	EndGlobalSection
	GlobalSection(SolutionProperties) = preSolution
		HideSolutionNode = FALSE
	EndGlobalSection
	GlobalSection(ExtensibilityGlobals) = postSolution
		SolutionGuid = {D586F6C6-D709-407D-BBC6-1E31E0102B29}
	EndGlobalSection
EndGlobal
