
Microsoft Visual Studio Solution File, Format Version 12.00
# Visual Studio Version 17
VisualStudioVersion = 17.0.31903.59
MinimumVisualStudioVersion = 10.0.40219.1
Project("{FAE04EC0-301F-11D3-BF4B-00C04F79EFBC}") = "dotnetapp", "dotnetapp\dotnetapp.csproj", "{311A7921-3CE6-41C2-B995-B257C7BAC1B4}"
EndProject
Project("{FAE04EC0-301F-11D3-BF4B-00C04F79EFBC}") = "TestProject", "TestProject\TestProject.csproj", "{546A9EFF-CC21-4F93-94E7-1ED5F145F792}"
EndProject
Global
	GlobalSection(SolutionConfigurationPlatforms) = preSolution
		Debug|Any CPU = Debug|Any CPU
		Release|Any CPU = Release|Any CPU
	EndGlobalSection
	GlobalSection(SolutionProperties) = preSolution
		HideSolutionNode = FALSE
	EndGlobalSection
	GlobalSection(ProjectConfigurationPlatforms) = postSolution
		{311A7921-3CE6-41C2-B995-B257C7BAC1B4}.Debug|Any CPU.ActiveCfg = Debug|Any CPU
		{311A7921-3CE6-41C2-B995-B257C7BAC1B4}.Debug|Any CPU.Build.0 = Debug|Any CPU
		{311A7921-3CE6-41C2-B995-B257C7BAC1B4}.Release|Any CPU.ActiveCfg = Release|Any CPU
		{311A7921-3CE6-41C2-B995-B257C7BAC1B4}.Release|Any CPU.Build.0 = Release|Any CPU
		{546A9EFF-CC21-4F93-94E7-1ED5F145F792}.Debug|Any CPU.ActiveCfg = Debug|Any CPU
		{546A9EFF-CC21-4F93-94E7-1ED5F145F792}.Debug|Any CPU.Build.0 = Debug|Any CPU
		{546A9EFF-CC21-4F93-94E7-1ED5F145F792}.Release|Any CPU.ActiveCfg = Release|Any CPU
		{546A9EFF-CC21-4F93-94E7-1ED5F145F792}.Release|Any CPU.Build.0 = Release|Any CPU
	EndGlobalSection
EndGlobal
