
Microsoft Visual Studio Solution File, Format Version 12.00
# Visual Studio Version 17
VisualStudioVersion = 17.0.31903.59
MinimumVisualStudioVersion = 10.0.40219.1
Project("{FAE04EC0-301F-11D3-BF4B-00C04F79EFBC}") = "dotnetapp", "dotnetapp.csproj", "{EFFC7907-DB64-4C66-8981-532D6070BE2E}"
EndProject
Project("{FAE04EC0-301F-11D3-BF4B-00C04F79EFBC}") = "TestProject", "TestProject\TestProject.csproj", "{B769B51E-59BC-464F-B0ED-78948031ADFB}"
EndProject
Global
	GlobalSection(SolutionConfigurationPlatforms) = preSolution
		Debug|Any CPU = Debug|Any CPU
		Release|Any CPU = Release|Any CPU
	EndGlobalSection
	GlobalSection(SolutionProperties) = preSolution
		HideSolutionNode = FALSE
	EndGlobalSection
	GlobalSection(ProjectConfigurationPlatforms) = postSolution
		{EFFC7907-DB64-4C66-8981-532D6070BE2E}.Debug|Any CPU.ActiveCfg = Debug|Any CPU
		{EFFC7907-DB64-4C66-8981-532D6070BE2E}.Debug|Any CPU.Build.0 = Debug|Any CPU
		{EFFC7907-DB64-4C66-8981-532D6070BE2E}.Release|Any CPU.ActiveCfg = Release|Any CPU
		{EFFC7907-DB64-4C66-8981-532D6070BE2E}.Release|Any CPU.Build.0 = Release|Any CPU
		{B769B51E-59BC-464F-B0ED-78948031ADFB}.Debug|Any CPU.ActiveCfg = Debug|Any CPU
		{B769B51E-59BC-464F-B0ED-78948031ADFB}.Debug|Any CPU.Build.0 = Debug|Any CPU
		{B769B51E-59BC-464F-B0ED-78948031ADFB}.Release|Any CPU.ActiveCfg = Release|Any CPU
		{B769B51E-59BC-464F-B0ED-78948031ADFB}.Release|Any CPU.Build.0 = Release|Any CPU
	EndGlobalSection
EndGlobal
